
Microsoft Visual Studio Solution File, Format Version 12.00
# Visual Studio 14
VisualStudioVersion = 14.0.25123.0
MinimumVisualStudioVersion = 10.0.40219.1
Project("{FAE04EC0-301F-11D3-BF4B-00C04F79EFBC}") = "BusStop.API", "BusStop.API\BusStop.API.csproj", "{56615D59-366F-45D1-89DE-1501D63EBA55}"
EndProject
Project("{FAE04EC0-301F-11D3-BF4B-00C04F79EFBC}") = "BusStop.Contracts", "BusStop.Contracts\BusStop.Contracts.csproj", "{C79ADA25-9604-4322-B8D8-7F49582EA453}"
EndProject
Project("{FAE04EC0-301F-11D3-BF4B-00C04F79EFBC}") = "BusStop.Backend", "BusStop.Backend\BusStop.Backend.csproj", "{20517581-78CB-4695-B5CB-592DE4ED18C8}"
EndProject
Project("{FAE04EC0-301F-11D3-BF4B-00C04F79EFBC}") = "BusStop.Authentication", "BusStop.Authentication\BusStop.Authentication.csproj", "{DA601F3A-0AA5-4A3B-A981-287BEE6CAD65}"
EndProject
Project("{FAE04EC0-301F-11D3-BF4B-00C04F79EFBC}") = "BusStop.Config", "BusStop.Config\BusStop.Config.csproj", "{304E7065-DE8B-420C-9A5C-9D1964E1672F}"
EndProject
Project("{FAE04EC0-301F-11D3-BF4B-00C04F79EFBC}") = "BusStop.BackOffice", "BusStop.BackOffice\BusStop.BackOffice.csproj", "{F9D5EF44-77E6-466B-AE81-8E3B4595EE26}"
EndProject
Global
	GlobalSection(SolutionConfigurationPlatforms) = preSolution
		Debug|Any CPU = Debug|Any CPU
		Release|Any CPU = Release|Any CPU
	EndGlobalSection
	GlobalSection(ProjectConfigurationPlatforms) = postSolution
		{56615D59-366F-45D1-89DE-1501D63EBA55}.Debug|Any CPU.ActiveCfg = Debug|Any CPU
		{56615D59-366F-45D1-89DE-1501D63EBA55}.Debug|Any CPU.Build.0 = Debug|Any CPU
		{56615D59-366F-45D1-89DE-1501D63EBA55}.Release|Any CPU.ActiveCfg = Release|Any CPU
		{56615D59-366F-45D1-89DE-1501D63EBA55}.Release|Any CPU.Build.0 = Release|Any CPU
		{C79ADA25-9604-4322-B8D8-7F49582EA453}.Debug|Any CPU.ActiveCfg = Debug|Any CPU
		{C79ADA25-9604-4322-B8D8-7F49582EA453}.Debug|Any CPU.Build.0 = Debug|Any CPU
		{C79ADA25-9604-4322-B8D8-7F49582EA453}.Release|Any CPU.ActiveCfg = Release|Any CPU
		{C79ADA25-9604-4322-B8D8-7F49582EA453}.Release|Any CPU.Build.0 = Release|Any CPU
		{20517581-78CB-4695-B5CB-592DE4ED18C8}.Debug|Any CPU.ActiveCfg = Debug|Any CPU
		{20517581-78CB-4695-B5CB-592DE4ED18C8}.Debug|Any CPU.Build.0 = Debug|Any CPU
		{20517581-78CB-4695-B5CB-592DE4ED18C8}.Release|Any CPU.ActiveCfg = Release|Any CPU
		{20517581-78CB-4695-B5CB-592DE4ED18C8}.Release|Any CPU.Build.0 = Release|Any CPU
		{DA601F3A-0AA5-4A3B-A981-287BEE6CAD65}.Debug|Any CPU.ActiveCfg = Debug|Any CPU
		{DA601F3A-0AA5-4A3B-A981-287BEE6CAD65}.Debug|Any CPU.Build.0 = Debug|Any CPU
		{DA601F3A-0AA5-4A3B-A981-287BEE6CAD65}.Release|Any CPU.ActiveCfg = Release|Any CPU
		{DA601F3A-0AA5-4A3B-A981-287BEE6CAD65}.Release|Any CPU.Build.0 = Release|Any CPU
		{304E7065-DE8B-420C-9A5C-9D1964E1672F}.Debug|Any CPU.ActiveCfg = Debug|Any CPU
		{304E7065-DE8B-420C-9A5C-9D1964E1672F}.Debug|Any CPU.Build.0 = Debug|Any CPU
		{304E7065-DE8B-420C-9A5C-9D1964E1672F}.Release|Any CPU.ActiveCfg = Release|Any CPU
		{304E7065-DE8B-420C-9A5C-9D1964E1672F}.Release|Any CPU.Build.0 = Release|Any CPU
		{F9D5EF44-77E6-466B-AE81-8E3B4595EE26}.Debug|Any CPU.ActiveCfg = Debug|Any CPU
		{F9D5EF44-77E6-466B-AE81-8E3B4595EE26}.Debug|Any CPU.Build.0 = Debug|Any CPU
		{F9D5EF44-77E6-466B-AE81-8E3B4595EE26}.Release|Any CPU.ActiveCfg = Release|Any CPU
		{F9D5EF44-77E6-466B-AE81-8E3B4595EE26}.Release|Any CPU.Build.0 = Release|Any CPU
	EndGlobalSection
	GlobalSection(SolutionProperties) = preSolution
		HideSolutionNode = FALSE
	EndGlobalSection
EndGlobal
